[root]
name = "tag_db_server"
version = "0.1.0"
dependencies = [
 "byteorder 0.4.2 (registry+https://github.com/rust-lang/crates.io-index)",
 "rmp 0.7.3 (registry+https://github.com/rust-lang/crates.io-index)",
 "tag_db 0.2.3 (git+https://github.com/eqv/tag_db)",
 "unix_socket 0.5.0 (registry+https://github.com/rust-lang/crates.io-index)",
]

[[package]]
name = "advapi32-sys"
version = "0.1.2"
source = "registry+https://github.com/rust-lang/crates.io-index"
dependencies = [
 "winapi 0.2.5 (registry+https://github.com/rust-lang/crates.io-index)",
 "winapi-build 0.1.1 (registry+https://github.com/rust-lang/crates.io-index)",
]

[[package]]
name = "byteorder"
version = "0.3.13"
source = "registry+https://github.com/rust-lang/crates.io-index"

[[package]]
name = "byteorder"
version = "0.4.2"
source = "registry+https://github.com/rust-lang/crates.io-index"

[[package]]
name = "cfg-if"
version = "0.1.0"
source = "registry+https://github.com/rust-lang/crates.io-index"

[[package]]
name = "interval_tree"
version = "0.3.0"
source = "git+https://github.com/eqv/interval_tree#6ff66a21da63f94a02a19c15f40460cfdd194929"
dependencies = [
 "rand 0.3.13 (registry+https://github.com/rust-lang/crates.io-index)",
 "time 0.1.34 (registry+https://github.com/rust-lang/crates.io-index)",
]

[[package]]
name = "kernel32-sys"
version = "0.2.1"
source = "registry+https://github.com/rust-lang/crates.io-index"
dependencies = [
 "winapi 0.2.5 (registry+https://github.com/rust-lang/crates.io-index)",
 "winapi-build 0.1.1 (registry+https://github.com/rust-lang/crates.io-index)",
]

[[package]]
name = "libc"
version = "0.2.6"
source = "registry+https://github.com/rust-lang/crates.io-index"

[[package]]
name = "rand"
version = "0.3.13"
source = "registry+https://github.com/rust-lang/crates.io-index"
dependencies = [
 "advapi32-sys 0.1.2 (registry+https://github.com/rust-lang/crates.io-index)",
 "libc 0.2.6 (registry+https://github.com/rust-lang/crates.io-index)",
 "winapi 0.2.5 (registry+https://github.com/rust-lang/crates.io-index)",
]

[[package]]
name = "rmp"
version = "0.7.3"
source = "registry+https://github.com/rust-lang/crates.io-index"
dependencies = [
 "byteorder 0.3.13 (registry+https://github.com/rust-lang/crates.io-index)",
]

[[package]]
name = "tag_db"
version = "0.2.3"
source = "git+https://github.com/eqv/tag_db#fe2fe64299ebdb6c59acbec195e1d03123ebb577"
dependencies = [
 "interval_tree 0.3.0 (git+https://github.com/eqv/interval_tree)",
 "rmp 0.7.3 (registry+https://github.com/rust-lang/crates.io-index)",
]

[[package]]
name = "time"
version = "0.1.34"
source = "registry+https://github.com/rust-lang/crates.io-index"
dependencies = [
 "kernel32-sys 0.2.1 (registry+https://github.com/rust-lang/crates.io-index)",
 "libc 0.2.6 (registry+https://github.com/rust-lang/crates.io-index)",
 "winapi 0.2.5 (registry+https://github.com/rust-lang/crates.io-index)",
]

[[package]]
name = "unix_socket"
version = "0.5.0"
source = "registry+https://github.com/rust-lang/crates.io-index"
dependencies = [
 "cfg-if 0.1.0 (registry+https://github.com/rust-lang/crates.io-index)",
 "libc 0.2.6 (registry+https://github.com/rust-lang/crates.io-index)",
]

[[package]]
name = "winapi"
version = "0.2.5"
source = "registry+https://github.com/rust-lang/crates.io-index"

[[package]]
name = "winapi-build"
version = "0.1.1"
source = "registry+https://github.com/rust-lang/crates.io-index"

